
Microsoft Visual Studio Solution File, Format Version 12.00
# Visual Studio Version 17
VisualStudioVersion = 17.1.32210.238
MinimumVisualStudioVersion = 10.0.40219.1
Project("{FAE04EC0-301F-11D3-BF4B-00C04F79EFBC}") = "Rio.Tenis.Backend", "Rio.Tenis.Backend.csproj", "{DCB0EA6F-8765-4B52-A1A2-1064480EF467}"
EndProject
Global
	GlobalSection(SolutionConfigurationPlatforms) = preSolution
		Debug|Any CPU = Debug|Any CPU
		Release|Any CPU = Release|Any CPU
	EndGlobalSection
	GlobalSection(ProjectConfigurationPlatforms) = postSolution
		{DCB0EA6F-8765-4B52-A1A2-1064480EF467}.Debug|Any CPU.ActiveCfg = Debug|Any CPU
		{DCB0EA6F-8765-4B52-A1A2-1064480EF467}.Debug|Any CPU.Build.0 = Debug|Any CPU
		{DCB0EA6F-8765-4B52-A1A2-1064480EF467}.Release|Any CPU.ActiveCfg = Release|Any CPU
		{DCB0EA6F-8765-4B52-A1A2-1064480EF467}.Release|Any CPU.Build.0 = Release|Any CPU
	EndGlobalSection
	GlobalSection(SolutionProperties) = preSolution
		HideSolutionNode = FALSE
	EndGlobalSection
	GlobalSection(ExtensibilityGlobals) = postSolution
		SolutionGuid = {9F4CC56E-8522-473D-AF10-CAF281426AE7}
	EndGlobalSection
EndGlobal
